
Microsoft Visual Studio Solution File, Format Version 12.00
# Visual Studio Version 16
VisualStudioVersion = 16.0.31515.178
MinimumVisualStudioVersion = 10.0.40219.1
Project("{8BC9CEB8-8B4A-11D0-8D11-00A0C91BC942}") = "SpeechProgram", "SpeechProgram\SpeechProgram.vcxproj", "{DAE82B22-E897-4A65-A423-3AD6F06F27C1}"
EndProject
Project("{8BC9CEB8-8B4A-11D0-8D11-00A0C91BC942}") = "TCPServer", "TCPServer\TCPServer.vcxproj", "{8BD15057-04EC-4E08-90CA-2968CD8FFDBA}"
EndProject
Global
	GlobalSection(SolutionConfigurationPlatforms) = preSolution
		Debug|x64 = Debug|x64
		Debug|x86 = Debug|x86
		Release|x64 = Release|x64
		Release|x86 = Release|x86
	EndGlobalSection
	GlobalSection(ProjectConfigurationPlatforms) = postSolution
		{DAE82B22-E897-4A65-A423-3AD6F06F27C1}.Debug|x64.ActiveCfg = Debug|x64
		{DAE82B22-E897-4A65-A423-3AD6F06F27C1}.Debug|x64.Build.0 = Debug|x64
		{DAE82B22-E897-4A65-A423-3AD6F06F27C1}.Debug|x86.ActiveCfg = Debug|Win32
		{DAE82B22-E897-4A65-A423-3AD6F06F27C1}.Debug|x86.Build.0 = Debug|Win32
		{DAE82B22-E897-4A65-A423-3AD6F06F27C1}.Release|x64.ActiveCfg = Release|x64
		{DAE82B22-E897-4A65-A423-3AD6F06F27C1}.Release|x64.Build.0 = Release|x64
		{DAE82B22-E897-4A65-A423-3AD6F06F27C1}.Release|x86.ActiveCfg = Release|Win32
		{DAE82B22-E897-4A65-A423-3AD6F06F27C1}.Release|x86.Build.0 = Release|Win32
		{8BD15057-04EC-4E08-90CA-2968CD8FFDBA}.Debug|x64.ActiveCfg = Debug|x64
		{8BD15057-04EC-4E08-90CA-2968CD8FFDBA}.Debug|x64.Build.0 = Debug|x64
		{8BD15057-04EC-4E08-90CA-2968CD8FFDBA}.Debug|x86.ActiveCfg = Debug|Win32
		{8BD15057-04EC-4E08-90CA-2968CD8FFDBA}.Debug|x86.Build.0 = Debug|Win32
		{8BD15057-04EC-4E08-90CA-2968CD8FFDBA}.Release|x64.ActiveCfg = Release|x64
		{8BD15057-04EC-4E08-90CA-2968CD8FFDBA}.Release|x64.Build.0 = Release|x64
		{8BD15057-04EC-4E08-90CA-2968CD8FFDBA}.Release|x86.ActiveCfg = Release|Win32
		{8BD15057-04EC-4E08-90CA-2968CD8FFDBA}.Release|x86.Build.0 = Release|Win32
	EndGlobalSection
	GlobalSection(SolutionProperties) = preSolution
		HideSolutionNode = FALSE
	EndGlobalSection
	GlobalSection(ExtensibilityGlobals) = postSolution
		SolutionGuid = {F49917FD-A6E8-4183-86C7-497372202F2F}
	EndGlobalSection
EndGlobal
